// !$*UTF8*$!
{
	archiveVersion = 1;
	classes = {
	};
	objectVersion = 46;
	objects = {

/* Begin PBXBuildFile section */
		93E5AD651BE4096800485110 /* main.m in Sources */ = {isa = PBXBuildFile; fileRef = 93E5AD641BE4096800485110 /* main.m */; };
		93E5AD681BE4096800485110 /* AppDelegate.m in Sources */ = {isa = PBXBuildFile; fileRef = 93E5AD671BE4096800485110 /* AppDelegate.m */; };
		93E5AD6B1BE4096800485110 /* ViewController.m in Sources */ = {isa = PBXBuildFile; fileRef = 93E5AD6A1BE4096800485110 /* ViewController.m */; };
		93E5AD6E1BE4096800485110 /* Main.storyboard in Resources */ = {isa = PBXBuildFile; fileRef = 93E5AD6C1BE4096800485110 /* Main.storyboard */; };
		93E5AD701BE4096800485110 /* Assets.xcassets in Resources */ = {isa = PBXBuildFile; fileRef = 93E5AD6F1BE4096800485110 /* Assets.xcassets */; };
		93E5AD731BE4096800485110 /* LaunchScreen.storyboard in Resources */ = {isa = PBXBuildFile; fileRef = 93E5AD711BE4096800485110 /* LaunchScreen.storyboard */; };
		93E5AD7E1BE4096800485110 /* fingerPaintAppTests.m in Sources */ = {isa = PBXBuildFile; fileRef = 93E5AD7D1BE4096800485110 /* fingerPaintAppTests.m */; };
		93E5AD891BE4096800485110 /* fingerPaintAppUITests.m in Sources */ = {isa = PBXBuildFile; fileRef = 93E5AD881BE4096800485110 /* fingerPaintAppUITests.m */; };
		93E5AD981BE4212F00485110 /* DrawCanvas.m in Sources */ = {isa = PBXBuildFile; fileRef = 93E5AD971BE4212F00485110 /* DrawCanvas.m */; };
		93E5AD9B1BE4229F00485110 /* lines.m in Sources */ = {isa = PBXBuildFile; fileRef = 93E5AD9A1BE4229F00485110 /* lines.m */; };
/* End PBXBuildFile section */

/* Begin PBXContainerItemProxy section */
		93E5AD7A1BE4096800485110 /* PBXContainerItemProxy */ = {
			isa = PBXContainerItemProxy;
			containerPortal = 93E5AD581BE4096800485110 /* Project object */;
			proxyType = 1;
			remoteGlobalIDString = 93E5AD5F1BE4096800485110;
			remoteInfo = fingerPaintApp;
		};
		93E5AD851BE4096800485110 /* PBXContainerItemProxy */ = {
			isa = PBXContainerItemProxy;
			containerPortal = 93E5AD581BE4096800485110 /* Project object */;
			proxyType = 1;
			remoteGlobalIDString = 93E5AD5F1BE4096800485110;
			remoteInfo = fingerPaintApp;
		};
/* End PBXContainerItemProxy section */

/* Begin PBXFileReference section */
		93E5AD601BE4096800485110 /* fingerPaintApp.app */ = {isa = PBXFileReference; explicitFileType = wrapper.application; includeInIndex = 0; path = fingerPaintApp.app; sourceTree = BUILT_PRODUCTS_DIR; };
		93E5AD641BE4096800485110 /* main.m */ = {isa = PBXFileReference; lastKnownFileType = sourcecode.c.objc; path = main.m; sourceTree = "<group>"; };
		93E5AD661BE4096800485110 /* AppDelegate.h */ = {isa = PBXFileReference; lastKnownFileType = sourcecode.c.h; path = AppDelegate.h; sourceTree = "<group>"; };
		93E5AD671BE4096800485110 /* AppDelegate.m */ = {isa = PBXFileReference; lastKnownFileType = sourcecode.c.objc; path = AppDelegate.m; sourceTree = "<group>"; };
		93E5AD691BE4096800485110 /* ViewController.h */ = {isa = PBXFileReference; lastKnownFileType = sourcecode.c.h; path = ViewController.h; sourceTree = "<group>"; };
		93E5AD6A1BE4096800485110 /* ViewController.m */ = {isa = PBXFileReference; lastKnownFileType = sourcecode.c.objc; path = ViewController.m; sourceTree = "<group>"; };
		93E5AD6D1BE4096800485110 /* Base */ = {isa = PBXFileReference; lastKnownFileType = file.storyboard; name = Base; path = Base.lproj/Main.storyboard; sourceTree = "<group>"; };
		93E5AD6F1BE4096800485110 /* Assets.xcassets */ = {isa = PBXFileReference; lastKnownFileType = folder.assetcatalog; path = Assets.xcassets; sourceTree = "<group>"; };
		93E5AD721BE4096800485110 /* Base */ = {isa = PBXFileReference; lastKnownFileType = file.storyboard; name = Base; path = Base.lproj/LaunchScreen.storyboard; sourceTree = "<group>"; };
		93E5AD741BE4096800485110 /* Info.plist */ = {isa = PBXFileReference; lastKnownFileType = text.plist.xml; path = Info.plist; sourceTree = "<group>"; };
		93E5AD791BE4096800485110 /* fingerPaintAppTests.xctest */ = {isa = PBXFileReference; explicitFileType = wrapper.cfbundle; includeInIndex = 0; path = fingerPaintAppTests.xctest; sourceTree = BUILT_PRODUCTS_DIR; };
		93E5AD7D1BE4096800485110 /* fingerPaintAppTests.m */ = {isa = PBXFileReference; lastKnownFileType = sourcecode.c.objc; path = fingerPaintAppTests.m; sourceTree = "<group>"; };
		93E5AD7F1BE4096800485110 /* Info.plist */ = {isa = PBXFileReference; lastKnownFileType = text.plist.xml; path = Info.plist; sourceTree = "<group>"; };
		93E5AD841BE4096800485110 /* fingerPaintAppUITests.xctest */ = {isa = PBXFileReference; explicitFileType = wrapper.cfbundle; includeInIndex = 0; path = fingerPaintAppUITests.xctest; sourceTree = BUILT_PRODUCTS_DIR; };
		93E5AD881BE4096800485110 /* fingerPaintAppUITests.m */ = {isa = PBXFileReference; lastKnownFileType = sourcecode.c.objc; path = fingerPaintAppUITests.m; sourceTree = "<group>"; };
		93E5AD8A1BE4096800485110 /* Info.plist */ = {isa = PBXFileReference; lastKnownFileType = text.plist.xml; path = Info.plist; sourceTree = "<group>"; };
		93E5AD961BE4212F00485110 /* DrawCanvas.h */ = {isa = PBXFileReference; fileEncoding = 4; lastKnownFileType = sourcecode.c.h; path = DrawCanvas.h; sourceTree = "<group>"; };
		93E5AD971BE4212F00485110 /* DrawCanvas.m */ = {isa = PBXFileReference; fileEncoding = 4; lastKnownFileType = sourcecode.c.objc; path = DrawCanvas.m; sourceTree = "<group>"; };
		93E5AD991BE4229F00485110 /* lines.h */ = {isa = PBXFileReference; fileEncoding = 4; lastKnownFileType = sourcecode.c.h; path = lines.h; sourceTree = "<group>"; };
		93E5AD9A1BE4229F00485110 /* lines.m */ = {isa = PBXFileReference; fileEncoding = 4; lastKnownFileType = sourcecode.c.objc; path = lines.m; sourceTree = "<group>"; };
/* End PBXFileReference section */

/* Begin PBXFrameworksBuildPhase section */
		93E5AD5D1BE4096800485110 /* Frameworks */ = {
			isa = PBXFrameworksBuildPhase;
			buildActionMask = 2147483647;
			files = (
			);
			runOnlyForDeploymentPostprocessing = 0;
		};
		93E5AD761BE4096800485110 /* Frameworks */ = {
			isa = PBXFrameworksBuildPhase;
			buildActionMask = 2147483647;
			files = (
			);
			runOnlyForDeploymentPostprocessing = 0;
		};
		93E5AD811BE4096800485110 /* Frameworks */ = {
			isa = PBXFrameworksBuildPhase;
			buildActionMask = 2147483647;
			files = (
			);
			runOnlyForDeploymentPostprocessing = 0;
		};
/* End PBXFrameworksBuildPhase section */

/* Begin PBXGroup section */
		93E5AD571BE4096800485110 = {
			isa = PBXGroup;
			children = (
				93E5AD621BE4096800485110 /* fingerPaintApp */,
				93E5AD7C1BE4096800485110 /* fingerPaintAppTests */,
				93E5AD871BE4096800485110 /* fingerPaintAppUITests */,
				93E5AD611BE4096800485110 /* Products */,
			);
			sourceTree = "<group>";
		};
		93E5AD611BE4096800485110 /* Products */ = {
			isa = PBXGroup;
			children = (
				93E5AD601BE4096800485110 /* fingerPaintApp.app */,
				93E5AD791BE4096800485110 /* fingerPaintAppTests.xctest */,
				93E5AD841BE4096800485110 /* fingerPaintAppUITests.xctest */,
			);
			name = Products;
			sourceTree = "<group>";
		};
		93E5AD621BE4096800485110 /* fingerPaintApp */ = {
			isa = PBXGroup;
			children = (
				93E5AD661BE4096800485110 /* AppDelegate.h */,
				93E5AD671BE4096800485110 /* AppDelegate.m */,
				93E5AD691BE4096800485110 /* ViewController.h */,
				93E5AD6A1BE4096800485110 /* ViewController.m */,
				93E5AD961BE4212F00485110 /* DrawCanvas.h */,
				93E5AD971BE4212F00485110 /* DrawCanvas.m */,
				93E5AD991BE4229F00485110 /* lines.h */,
				93E5AD9A1BE4229F00485110 /* lines.m */,
				93E5AD6C1BE4096800485110 /* Main.storyboard */,
				93E5AD6F1BE4096800485110 /* Assets.xcassets */,
				93E5AD711BE4096800485110 /* LaunchScreen.storyboard */,
				93E5AD741BE4096800485110 /* Info.plist */,
				93E5AD631BE4096800485110 /* Supporting Files */,
			);
			path = fingerPaintApp;
			sourceTree = "<group>";
		};
		93E5AD631BE4096800485110 /* Supporting Files */ = {
			isa = PBXGroup;
			children = (
				93E5AD641BE4096800485110 /* main.m */,
			);
			name = "Supporting Files";
			sourceTree = "<group>";
		};
		93E5AD7C1BE4096800485110 /* fingerPaintAppTests */ = {
			isa = PBXGroup;
			children = (
				93E5AD7D1BE4096800485110 /* fingerPaintAppTests.m */,
				93E5AD7F1BE4096800485110 /* Info.plist */,
			);
			path = fingerPaintAppTests;
			sourceTree = "<group>";
		};
		93E5AD871BE4096800485110 /* fingerPaintAppUITests */ = {
			isa = PBXGroup;
			children = (
				93E5AD881BE4096800485110 /* fingerPaintAppUITests.m */,
				93E5AD8A1BE4096800485110 /* Info.plist */,
			);
			path = fingerPaintAppUITests;
			sourceTree = "<group>";
		};
/* End PBXGroup section */

/* Begin PBXNativeTarget section */
		93E5AD5F1BE4096800485110 /* fingerPaintApp */ = {
			isa = PBXNativeTarget;
			buildConfigurationList = 93E5AD8D1BE4096800485110 /* Build configuration list for PBXNativeTarget "fingerPaintApp" */;
			buildPhases = (
				93E5AD5C1BE4096800485110 /* Sources */,
				93E5AD5D1BE4096800485110 /* Frameworks */,
				93E5AD5E1BE4096800485110 /* Resources */,
			);
			buildRules = (
			);
			dependencies = (
			);
			name = fingerPaintApp;
			productName = fingerPaintApp;
			productReference = 93E5AD601BE4096800485110 /* fingerPaintApp.app */;
			productType = "com.apple.product-type.application";
		};
		93E5AD781BE4096800485110 /* fingerPaintAppTests */ = {
			isa = PBXNativeTarget;
			buildConfigurationList = 93E5AD901BE4096800485110 /* Build configuration list for PBXNativeTarget "fingerPaintAppTests" */;
			buildPhases = (
				93E5AD751BE4096800485110 /* Sources */,
				93E5AD761BE4096800485110 /* Frameworks */,
				93E5AD771BE4096800485110 /* Resources */,
			);
			buildRules = (
			);
			dependencies = (
				93E5AD7B1BE4096800485110 /* PBXTargetDependency */,
			);
			name = fingerPaintAppTests;
			productName = fingerPaintAppTests;
			productReference = 93E5AD791BE4096800485110 /* fingerPaintAppTests.xctest */;
			productType = "com.apple.product-type.bundle.unit-test";
		};
		93E5AD831BE4096800485110 /* fingerPaintAppUITests */ = {
			isa = PBXNativeTarget;
			buildConfigurationList = 93E5AD931BE4096800485110 /* Build configuration list for PBXNativeTarget "fingerPaintAppUITests" */;
			buildPhases = (
				93E5AD801BE4096800485110 /* Sources */,
				93E5AD811BE4096800485110 /* Frameworks */,
				93E5AD821BE4096800485110 /* Resources */,
			);
			buildRules = (
			);
			dependencies = (
				93E5AD861BE4096800485110 /* PBXTargetDependency */,
			);
			name = fingerPaintAppUITests;
			productName = fingerPaintAppUITests;
			productReference = 93E5AD841BE4096800485110 /* fingerPaintAppUITests.xctest */;
			productType = "com.apple.product-type.bundle.ui-testing";
		};
/* End PBXNativeTarget section */

/* Begin PBXProject section */
		93E5AD581BE4096800485110 /* Project object */ = {
			isa = PBXProject;
			attributes = {
				LastUpgradeCheck = 0710;
				ORGANIZATIONNAME = "Benson Huynh";
				TargetAttributes = {
					93E5AD5F1BE4096800485110 = {
						CreatedOnToolsVersion = 7.1;
						DevelopmentTeam = Q4XP3UEQ6Q;
					};
					93E5AD781BE4096800485110 = {
						CreatedOnToolsVersion = 7.1;
						DevelopmentTeam = Q4XP3UEQ6Q;
						TestTargetID = 93E5AD5F1BE4096800485110;
					};
					93E5AD831BE4096800485110 = {
						CreatedOnToolsVersion = 7.1;
						DevelopmentTeam = Q4XP3UEQ6Q;
						TestTargetID = 93E5AD5F1BE4096800485110;
					};
				};
			};
			buildConfigurationList = 93E5AD5B1BE4096800485110 /* Build configuration list for PBXProject "fingerPaintApp" */;
			compatibilityVersion = "Xcode 3.2";
			developmentRegion = English;
			hasScannedForEncodings = 0;
			knownRegions = (
				en,
				Base,
			);
			mainGroup = 93E5AD571BE4096800485110;
			productRefGroup = 93E5AD611BE4096800485110 /* Products */;
			projectDirPath = "";
			projectRoot = "";
			targets = (
				93E5AD5F1BE4096800485110 /* fingerPaintApp */,
				93E5AD781BE4096800485110 /* fingerPaintAppTests */,
				93E5AD831BE4096800485110 /* fingerPaintAppUITests */,
			);
		};
/* End PBXProject section */

/* Begin PBXResourcesBuildPhase section */
		93E5AD5E1BE4096800485110 /* Resources */ = {
			isa = PBXResourcesBuildPhase;
			buildActionMask = 2147483647;
			files = (
				93E5AD731BE4096800485110 /* LaunchScreen.storyboard in Resources */,
				93E5AD701BE4096800485110 /* Assets.xcassets in Resources */,
				93E5AD6E1BE4096800485110 /* Main.storyboard in Resources */,
			);
			runOnlyForDeploymentPostprocessing = 0;
		};
		93E5AD771BE4096800485110 /* Resources */ = {
			isa = PBXResourcesBuildPhase;
			buildActionMask = 2147483647;
			files = (
			);
			runOnlyForDeploymentPostprocessing = 0;
		};
		93E5AD821BE4096800485110 /* Resources */ = {
			isa = PBXResourcesBuildPhase;
			buildActionMask = 2147483647;
			files = (
			);
			runOnlyForDeploymentPostprocessing = 0;
		};
/* End PBXResourcesBuildPhase section */

/* Begin PBXSourcesBuildPhase section */
		93E5AD5C1BE4096800485110 /* Sources */ = {
			isa = PBXSourcesBuildPhase;
			buildActionMask = 2147483647;
			files = (
				93E5AD6B1BE4096800485110 /* ViewController.m in Sources */,
				93E5AD981BE4212F00485110 /* DrawCanvas.m in Sources */,
				93E5AD681BE4096800485110 /* AppDelegate.m in Sources */,
				93E5AD651BE4096800485110 /* main.m in Sources */,
				93E5AD9B1BE4229F00485110 /* lines.m in Sources */,
			);
			runOnlyForDeploymentPostprocessing = 0;
		};
		93E5AD751BE4096800485110 /* Sources */ = {
			isa = PBXSourcesBuildPhase;
			buildActionMask = 2147483647;
			files = (
				93E5AD7E1BE4096800485110 /* fingerPaintAppTests.m in Sources */,
			);
			runOnlyForDeploymentPostprocessing = 0;
		};
		93E5AD801BE4096800485110 /* Sources */ = {
			isa = PBXSourcesBuildPhase;
			buildActionMask = 2147483647;
			files = (
				93E5AD891BE4096800485110 /* fingerPaintAppUITests.m in Sources */,
			);
			runOnlyForDeploymentPostprocessing = 0;
		};
/* End PBXSourcesBuildPhase section */

/* Begin PBXTargetDependency section */
		93E5AD7B1BE4096800485110 /* PBXTargetDependency */ = {
			isa = PBXTargetDependency;
			target = 93E5AD5F1BE4096800485110 /* fingerPaintApp */;
			targetProxy = 93E5AD7A1BE4096800485110 /* PBXContainerItemProxy */;
		};
		93E5AD861BE4096800485110 /* PBXTargetDependency */ = {
			isa = PBXTargetDependency;
			target = 93E5AD5F1BE4096800485110 /* fingerPaintApp */;
			targetProxy = 93E5AD851BE4096800485110 /* PBXContainerItemProxy */;
		};
/* End PBXTargetDependency section */

/* Begin PBXVariantGroup section */
		93E5AD6C1BE4096800485110 /* Main.storyboard */ = {
			isa = PBXVariantGroup;
			children = (
				93E5AD6D1BE4096800485110 /* Base */,
			);
			name = Main.storyboard;
			sourceTree = "<group>";
		};
		93E5AD711BE4096800485110 /* LaunchScreen.storyboard */ = {
			isa = PBXVariantGroup;
			children = (
				93E5AD721BE4096800485110 /* Base */,
			);
			name = LaunchScreen.storyboard;
			sourceTree = "<group>";
		};
/* End PBXVariantGroup section */

/* Begin XCBuildConfiguration section */
		93E5AD8B1BE4096800485110 /* Debug */ = {
			isa = XCBuildConfiguration;
			buildSettings = {
				ALWAYS_SEARCH_USER_PATHS = NO;
				CLANG_CXX_LANGUAGE_STANDARD = "gnu++0x";
				CLANG_CXX_LIBRARY = "libc++";
				CLANG_ENABLE_MODULES = YES;
				CLANG_ENABLE_OBJC_ARC = YES;
				CLANG_WARN_BOOL_CONVERSION = YES;
				CLANG_WARN_CONSTANT_CONVERSION = YES;
				CLANG_WARN_DIRECT_OBJC_ISA_USAGE = YES_ERROR;
				CLANG_WARN_EMPTY_BODY = YES;
				CLANG_WARN_ENUM_CONVERSION = YES;
				CLANG_WARN_INT_CONVERSION = YES;
				CLANG_WARN_OBJC_ROOT_CLASS = YES_ERROR;
				CLANG_WARN_UNREACHABLE_CODE = YES;
				CLANG_WARN__DUPLICATE_METHOD_MATCH = YES;
				"CODE_SIGN_IDENTITY[sdk=iphoneos*]" = "iPhone Developer";
				COPY_PHASE_STRIP = NO;
				DEBUG_INFORMATION_FORMAT = dwarf;
				ENABLE_STRICT_OBJC_MSGSEND = YES;
				ENABLE_TESTABILITY = YES;
				GCC_C_LANGUAGE_STANDARD = gnu99;
				GCC_DYNAMIC_NO_PIC = NO;
				GCC_NO_COMMON_BLOCKS = YES;
				GCC_OPTIMIZATION_LEVEL = 0;
				GCC_PREPROCESSOR_DEFINITIONS = (
					"DEBUG=1",
					"$(inherited)",
				);
				GCC_WARN_64_TO_32_BIT_CONVERSION = YES;
				GCC_WARN_ABOUT_RETURN_TYPE = YES_ERROR;
				GCC_WARN_UNDECLARED_SELECTOR = YES;
				GCC_WARN_UNINITIALIZED_AUTOS = YES_AGGRESSIVE;
				GCC_WARN_UNUSED_FUNCTION = YES;
				GCC_WARN_UNUSED_VARIABLE = YES;
				IPHONEOS_DEPLOYMENT_TARGET = 9.1;
				MTL_ENABLE_DEBUG_INFO = YES;
				ONLY_ACTIVE_ARCH = YES;
				SDKROOT = iphoneos;
			};
			name = Debug;
		};
		93E5AD8C1BE4096800485110 /* Release */ = {
			isa = XCBuildConfiguration;
			buildSettings = {
				ALWAYS_SEARCH_USER_PATHS = NO;
				CLANG_CXX_LANGUAGE_STANDARD = "gnu++0x";
				CLANG_CXX_LIBRARY = "libc++";
				CLANG_ENABLE_MODULES = YES;
				CLANG_ENABLE_OBJC_ARC = YES;
				CLANG_WARN_BOOL_CONVERSION = YES;
				CLANG_WARN_CONSTANT_CONVERSION = YES;
				CLANG_WARN_DIRECT_OBJC_ISA_USAGE = YES_ERROR;
				CLANG_WARN_EMPTY_BODY = YES;
				CLANG_WARN_ENUM_CONVERSION = YES;
				CLANG_WARN_INT_CONVERSION = YES;
				CLANG_WARN_OBJC_ROOT_CLASS = YES_ERROR;
				CLANG_WARN_UNREACHABLE_CODE = YES;
				CLANG_WARN__DUPLICATE_METHOD_MATCH = YES;
				"CODE_SIGN_IDENTITY[sdk=iphoneos*]" = "iPhone Developer";
				COPY_PHASE_STRIP = NO;
				DEBUG_INFORMATION_FORMAT = "dwarf-with-dsym";
				ENABLE_NS_ASSERTIONS = NO;
				ENABLE_STRICT_OBJC_MSGSEND = YES;
				GCC_C_LANGUAGE_STANDARD = gnu99;
				GCC_NO_COMMON_BLOCKS = YES;
				GCC_WARN_64_TO_32_BIT_CONVERSION = YES;
				GCC_WARN_ABOUT_RETURN_TYPE = YES_ERROR;
				GCC_WARN_UNDECLARED_SELECTOR = YES;
				GCC_WARN_UNINITIALIZED_AUTOS = YES_AGGRESSIVE;
				GCC_WARN_UNUSED_FUNCTION = YES;
				GCC_WARN_UNUSED_VARIABLE = YES;
				IPHONEOS_DEPLOYMENT_TARGET = 9.1;
				MTL_ENABLE_DEBUG_INFO = NO;
				SDKROOT = iphoneos;
				VALIDATE_PRODUCT = YES;
			};
			name = Release;
		};
		93E5AD8E1BE4096800485110 /* Debug */ = {
			isa = XCBuildConfiguration;
			buildSettings = {
				ASSETCATALOG_COMPILER_APPICON_NAME = AppIcon;
				INFOPLIST_FILE = fingerPaintApp/Info.plist;
				LD_RUNPATH_SEARCH_PATHS = "$(inherited) @executable_path/Frameworks";
				PRODUCT_BUNDLE_IDENTIFIER = com.teamtreehouse.fingerPaintApp;
				PRODUCT_NAME = "$(TARGET_NAME)";
			};
			name = Debug;
		};
		93E5AD8F1BE4096800485110 /* Release */ = {
			isa = XCBuildConfiguration;
			buildSettings = {
				ASSETCATALOG_COMPILER_APPICON_NAME = AppIcon;
				INFOPLIST_FILE = fingerPaintApp/Info.plist;
				LD_RUNPATH_SEARCH_PATHS = "$(inherited) @executable_path/Frameworks";
				PRODUCT_BUNDLE_IDENTIFIER = com.teamtreehouse.fingerPaintApp;
				PRODUCT_NAME = "$(TARGET_NAME)";
			};
			name = Release;
		};
		93E5AD911BE4096800485110 /* Debug */ = {
			isa = XCBuildConfiguration;
			buildSettings = {
				BUNDLE_LOADER = "$(TEST_HOST)";
				INFOPLIST_FILE = fingerPaintAppTests/Info.plist;
				LD_RUNPATH_SEARCH_PATHS = "$(inherited) @executable_path/Frameworks @loader_path/Frameworks";
				PRODUCT_BUNDLE_IDENTIFIER = com.teamtreehouse.fingerPaintAppTests;
				PRODUCT_NAME = "$(TARGET_NAME)";
				TEST_HOST = "$(BUILT_PRODUCTS_DIR)/fingerPaintApp.app/fingerPaintApp";
			};
			name = Debug;
		};
		93E5AD921BE4096800485110 /* Release */ = {
			isa = XCBuildConfiguration;
			buildSettings = {
				BUNDLE_LOADER = "$(TEST_HOST)";
				INFOPLIST_FILE = fingerPaintAppTests/Info.plist;
				LD_RUNPATH_SEARCH_PATHS = "$(inherited) @executable_path/Frameworks @loader_path/Frameworks";
				PRODUCT_BUNDLE_IDENTIFIER = com.teamtreehouse.fingerPaintAppTests;
				PRODUCT_NAME = "$(TARGET_NAME)";
				TEST_HOST = "$(BUILT_PRODUCTS_DIR)/fingerPaintApp.app/fingerPaintApp";
			};
			name = Release;
		};
		93E5AD941BE4096800485110 /* Debug */ = {
			isa = XCBuildConfiguration;
			buildSettings = {
				INFOPLIST_FILE = fingerPaintAppUITests/Info.plist;
				LD_RUNPATH_SEARCH_PATHS = "$(inherited) @executable_path/Frameworks @loader_path/Frameworks";
				PRODUCT_BUNDLE_IDENTIFIER = com.teamtreehouse.fingerPaintAppUITests;
				PRODUCT_NAME = "$(TARGET_NAME)";
				TEST_TARGET_NAME = fingerPaintApp;
				USES_XCTRUNNER = YES;
			};
			name = Debug;
		};
		93E5AD951BE4096800485110 /* Release */ = {
			isa = XCBuildConfiguration;
			buildSettings = {
				INFOPLIST_FILE = fingerPaintAppUITests/Info.plist;
				LD_RUNPATH_SEARCH_PATHS = "$(inherited) @executable_path/Frameworks @loader_path/Frameworks";
				PRODUCT_BUNDLE_IDENTIFIER = com.teamtreehouse.fingerPaintAppUITests;
				PRODUCT_NAME = "$(TARGET_NAME)";
				TEST_TARGET_NAME = fingerPaintApp;
				USES_XCTRUNNER = YES;
			};
			name = Release;
		};
/* End XCBuildConfiguration section */

/* Begin XCConfigurationList section */
		93E5AD5B1BE4096800485110 /* Build configuration list for PBXProject "fingerPaintApp" */ = {
			isa = XCConfigurationList;
			buildConfigurations = (
				93E5AD8B1BE4096800485110 /* Debug */,
				93E5AD8C1BE4096800485110 /* Release */,
			);
			defaultConfigurationIsVisible = 0;
			defaultConfigurationName = Release;
		};
		93E5AD8D1BE4096800485110 /* Build configuration list for PBXNativeTarget "fingerPaintApp" */ = {
			isa = XCConfigurationList;
			buildConfigurations = (
				93E5AD8E1BE4096800485110 /* Debug */,
				93E5AD8F1BE4096800485110 /* Release */,
			);
			defaultConfigurationIsVisible = 0;
		};
		93E5AD901BE4096800485110 /* Build configuration list for PBXNativeTarget "fingerPaintAppTests" */ = {
			isa = XCConfigurationList;
			buildConfigurations = (
				93E5AD911BE4096800485110 /* Debug */,
				93E5AD921BE4096800485110 /* Release */,
			);
			defaultConfigurationIsVisible = 0;
		};
		93E5AD931BE4096800485110 /* Build configuration list for PBXNativeTarget "fingerPaintAppUITests" */ = {
			isa = XCConfigurationList;
			buildConfigurations = (
				93E5AD941BE4096800485110 /* Debug */,
				93E5AD951BE4096800485110 /* Release */,
			);
			defaultConfigurationIsVisible = 0;
		};
/* End XCConfigurationList section */
	};
	rootObject = 93E5AD581BE4096800485110 /* Project object */;
}
